
Microsoft Visual Studio Solution File, Format Version 12.00
# Visual Studio 15
VisualStudioVersion = 15.0.28307.329
MinimumVisualStudioVersion = 10.0.40219.1
Project("{888888A0-9F3D-457C-B088-3A5042F75D52}") = "Client", "Client\Client.pyproj", "{CBC8B8A2-12B6-4C3C-A4B7-3D9D62359A38}"
EndProject
Project("{888888A0-9F3D-457C-B088-3A5042F75D52}") = "Server", "Server\Server.pyproj", "{B7B76AAB-4425-410F-97FC-0EA60D2A9220}"
EndProject
Global
	GlobalSection(SolutionConfigurationPlatforms) = preSolution
		Debug|Any CPU = Debug|Any CPU
		Release|Any CPU = Release|Any CPU
	EndGlobalSection
	GlobalSection(ProjectConfigurationPlatforms) = postSolution
		{CBC8B8A2-12B6-4C3C-A4B7-3D9D62359A38}.Debug|Any CPU.ActiveCfg = Debug|Any CPU
		{CBC8B8A2-12B6-4C3C-A4B7-3D9D62359A38}.Release|Any CPU.ActiveCfg = Release|Any CPU
		{B7B76AAB-4425-410F-97FC-0EA60D2A9220}.Debug|Any CPU.ActiveCfg = Debug|Any CPU
		{B7B76AAB-4425-410F-97FC-0EA60D2A9220}.Release|Any CPU.ActiveCfg = Release|Any CPU
	EndGlobalSection
	GlobalSection(SolutionProperties) = preSolution
		HideSolutionNode = FALSE
	EndGlobalSection
	GlobalSection(ExtensibilityGlobals) = postSolution
		SolutionGuid = {440A7CAD-68EF-475F-B826-0ED9D2281228}
	EndGlobalSection
EndGlobal
